
Microsoft Visual Studio Solution File, Format Version 12.00
# Visual Studio 15
VisualStudioVersion = 15.0.28307.1022
MinimumVisualStudioVersion = 10.0.40219.1
Project("{FAE04EC0-301F-11D3-BF4B-00C04F79EFBC}") = "DAN_LIX_Milica_Karetic", "DAN_LIX_Milica_Karetic\DAN_LIX_Milica_Karetic.csproj", "{9C778798-2E95-4D2C-9D06-5255723DFE71}"
EndProject
Global
	GlobalSection(SolutionConfigurationPlatforms) = preSolution
		Debug|Any CPU = Debug|Any CPU
		Release|Any CPU = Release|Any CPU
	EndGlobalSection
	GlobalSection(ProjectConfigurationPlatforms) = postSolution
		{9C778798-2E95-4D2C-9D06-5255723DFE71}.Debug|Any CPU.ActiveCfg = Debug|Any CPU
		{9C778798-2E95-4D2C-9D06-5255723DFE71}.Debug|Any CPU.Build.0 = Debug|Any CPU
		{9C778798-2E95-4D2C-9D06-5255723DFE71}.Release|Any CPU.ActiveCfg = Release|Any CPU
		{9C778798-2E95-4D2C-9D06-5255723DFE71}.Release|Any CPU.Build.0 = Release|Any CPU
	EndGlobalSection
	GlobalSection(SolutionProperties) = preSolution
		HideSolutionNode = FALSE
	EndGlobalSection
	GlobalSection(ExtensibilityGlobals) = postSolution
		SolutionGuid = {FA623D13-FFCB-4825-AB58-9E47D03B87F5}
	EndGlobalSection
EndGlobal
